
Microsoft Visual Studio Solution File, Format Version 12.00
# Visual Studio Version 17
VisualStudioVersion = 17.14.36401.2 d17.14
MinimumVisualStudioVersion = 10.0.40219.1
Project("{FAE04EC0-301F-11D3-BF4B-00C04F79EFBC}") = "TicTacToe_Heuristics", "TicTacToe_Heuristics\TicTacToe_Heuristics.csproj", "{A62B9A9D-24B8-41EB-9A69-27D9A135350E}"
EndProject
Global
	GlobalSection(SolutionConfigurationPlatforms) = preSolution
		Debug|Any CPU = Debug|Any CPU
		Release|Any CPU = Release|Any CPU
	EndGlobalSection
	GlobalSection(ProjectConfigurationPlatforms) = postSolution
		{A62B9A9D-24B8-41EB-9A69-27D9A135350E}.Debug|Any CPU.ActiveCfg = Debug|Any CPU
		{A62B9A9D-24B8-41EB-9A69-27D9A135350E}.Debug|Any CPU.Build.0 = Debug|Any CPU
		{A62B9A9D-24B8-41EB-9A69-27D9A135350E}.Release|Any CPU.ActiveCfg = Release|Any CPU
		{A62B9A9D-24B8-41EB-9A69-27D9A135350E}.Release|Any CPU.Build.0 = Release|Any CPU
	EndGlobalSection
	GlobalSection(SolutionProperties) = preSolution
		HideSolutionNode = FALSE
	EndGlobalSection
	GlobalSection(ExtensibilityGlobals) = postSolution
		SolutionGuid = {3F34A011-52B4-41D9-A21C-0642CF7258B2}
	EndGlobalSection
EndGlobal
